
Microsoft Visual Studio Solution File, Format Version 11.00
# Visual Studio 2010
Project("{FAE04EC0-301F-11D3-BF4B-00C04F79EFBC}") = "CItest", "CItest\CItest.csproj", "{6839CD56-D647-45ED-B0C5-C3DD1C5246D9}"
EndProject
Project("{FAE04EC0-301F-11D3-BF4B-00C04F79EFBC}") = "Tests", "Tests\Tests.csproj", "{6A1F6298-F9AA-46BE-A5E5-743F4ACD60E5}"
EndProject
Project("{2150E333-8FDC-42A3-9474-1A3956D46DE8}") = "Solution Items", "Solution Items", "{FF467554-826F-4185-A1E4-CBA546BFC3D7}"
	ProjectSection(SolutionItems) = preProject
		CItest.vsmdi = CItest.vsmdi
		Local.testsettings = Local.testsettings
		TraceAndTestImpact.testsettings = TraceAndTestImpact.testsettings
	EndProjectSection
EndProject
Global
	GlobalSection(TestCaseManagementSettings) = postSolution
		CategoryFile = CItest.vsmdi
	EndGlobalSection
	GlobalSection(SolutionConfigurationPlatforms) = preSolution
		Debug|Any CPU = Debug|Any CPU
		Debug|Mixed Platforms = Debug|Mixed Platforms
		Debug|x86 = Debug|x86
		Release|Any CPU = Release|Any CPU
		Release|Mixed Platforms = Release|Mixed Platforms
		Release|x86 = Release|x86
	EndGlobalSection
	GlobalSection(ProjectConfigurationPlatforms) = postSolution
		{6839CD56-D647-45ED-B0C5-C3DD1C5246D9}.Debug|Any CPU.ActiveCfg = Debug|x86
		{6839CD56-D647-45ED-B0C5-C3DD1C5246D9}.Debug|Mixed Platforms.ActiveCfg = Debug|x86
		{6839CD56-D647-45ED-B0C5-C3DD1C5246D9}.Debug|Mixed Platforms.Build.0 = Debug|x86
		{6839CD56-D647-45ED-B0C5-C3DD1C5246D9}.Debug|x86.ActiveCfg = Debug|x86
		{6839CD56-D647-45ED-B0C5-C3DD1C5246D9}.Debug|x86.Build.0 = Debug|x86
		{6839CD56-D647-45ED-B0C5-C3DD1C5246D9}.Release|Any CPU.ActiveCfg = Release|x86
		{6839CD56-D647-45ED-B0C5-C3DD1C5246D9}.Release|Mixed Platforms.ActiveCfg = Release|x86
		{6839CD56-D647-45ED-B0C5-C3DD1C5246D9}.Release|Mixed Platforms.Build.0 = Release|x86
		{6839CD56-D647-45ED-B0C5-C3DD1C5246D9}.Release|x86.ActiveCfg = Release|x86
		{6839CD56-D647-45ED-B0C5-C3DD1C5246D9}.Release|x86.Build.0 = Release|x86
		{6A1F6298-F9AA-46BE-A5E5-743F4ACD60E5}.Debug|Any CPU.ActiveCfg = Debug|Any CPU
		{6A1F6298-F9AA-46BE-A5E5-743F4ACD60E5}.Debug|Any CPU.Build.0 = Debug|Any CPU
		{6A1F6298-F9AA-46BE-A5E5-743F4ACD60E5}.Debug|Mixed Platforms.ActiveCfg = Debug|Any CPU
		{6A1F6298-F9AA-46BE-A5E5-743F4ACD60E5}.Debug|Mixed Platforms.Build.0 = Debug|Any CPU
		{6A1F6298-F9AA-46BE-A5E5-743F4ACD60E5}.Debug|x86.ActiveCfg = Debug|Any CPU
		{6A1F6298-F9AA-46BE-A5E5-743F4ACD60E5}.Release|Any CPU.ActiveCfg = Release|Any CPU
		{6A1F6298-F9AA-46BE-A5E5-743F4ACD60E5}.Release|Any CPU.Build.0 = Release|Any CPU
		{6A1F6298-F9AA-46BE-A5E5-743F4ACD60E5}.Release|Mixed Platforms.ActiveCfg = Release|Any CPU
		{6A1F6298-F9AA-46BE-A5E5-743F4ACD60E5}.Release|Mixed Platforms.Build.0 = Release|Any CPU
		{6A1F6298-F9AA-46BE-A5E5-743F4ACD60E5}.Release|x86.ActiveCfg = Release|Any CPU
	EndGlobalSection
	GlobalSection(SolutionProperties) = preSolution
		HideSolutionNode = FALSE
	EndGlobalSection
EndGlobal
